
Microsoft Visual Studio Solution File, Format Version 12.00
# Visual Studio Version 17
VisualStudioVersion = 17.8.34408.163
MinimumVisualStudioVersion = 10.0.40219.1
Project("{FAE04EC0-301F-11D3-BF4B-00C04F79EFBC}") = "ConsoleApp3", "ConsoleApp3\ConsoleApp3.csproj", "{0F22750B-7B09-4BAE-9383-FABE34CC103C}"
EndProject
Global
	GlobalSection(SolutionConfigurationPlatforms) = preSolution
		Debug|Any CPU = Debug|Any CPU
		Release|Any CPU = Release|Any CPU
	EndGlobalSection
	GlobalSection(ProjectConfigurationPlatforms) = postSolution
		{0F22750B-7B09-4BAE-9383-FABE34CC103C}.Debug|Any CPU.ActiveCfg = Debug|Any CPU
		{0F22750B-7B09-4BAE-9383-FABE34CC103C}.Debug|Any CPU.Build.0 = Debug|Any CPU
		{0F22750B-7B09-4BAE-9383-FABE34CC103C}.Release|Any CPU.ActiveCfg = Release|Any CPU
		{0F22750B-7B09-4BAE-9383-FABE34CC103C}.Release|Any CPU.Build.0 = Release|Any CPU
	EndGlobalSection
	GlobalSection(SolutionProperties) = preSolution
		HideSolutionNode = FALSE
	EndGlobalSection
	GlobalSection(ExtensibilityGlobals) = postSolution
		SolutionGuid = {F263F73D-61C1-417A-AA8C-77D70EE6356B}
	EndGlobalSection
EndGlobal
